hash: ed3127422dc2a50ea5c5f495123afd0d9af07ec031d46558bdfca51bc21d260a
updated: 2018-02-11T17:47:19.152199+08:00
imports:
- name: github.com/allegro/bigcache
  version: aa76879d59fa5d93c43680238227dbf7a53f5c28
  subpackages:
  - queue
- name: github.com/AndreasBriese/bbloom
  version: 28f7e881ca57bc00e028f9ede9f0d9104cfeef5e
- name: github.com/andybalholm/cascadia
  version: 349dd0209470eabd9514242c688c403c0926d266
- name: github.com/asciimoo/colly
  version: ca0b7983f7a266a74fa1a6ba5d9bfa91fd82b7b3
- name: github.com/astaxie/beego
  version: d96289a81bf67728cff7a19b067aaecc65a62ec6
  subpackages:
  - config
  - context
  - context/param
  - grace
  - logs
  - plugins/cors
  - session
  - toolbox
  - utils
- name: github.com/davecgh/go-spew
  version: 346938d642f2ec3594ed81d874461961cd0faa76
  subpackages:
  - spew
- name: github.com/dgraph-io/badger
  version: 69611218c7078be6de16f4ea13fb256e701b6b73
  subpackages:
  - options
  - protos
  - skl
  - table
  - "y"
- name: github.com/dgrijalva/jwt-go
  version: dbeaa9332f19a944acb5736b4456cfcc02140e29
- name: github.com/dgryski/go-farm
  version: ac7624ea8da311f2fbbd94401d8c1cf66089f9fb
- name: github.com/fsnotify/fsnotify
  version: 4da3e2cfbabc9f751898f250b49f2439785783a1
- name: github.com/go-ini/ini
  version: 32e4c1e6bc4e7d0d8451aa6b75200d19e37a536a
- name: github.com/go-playground/locales
  version: e4cbcb5d0652150d40ad0646651076b6bd2be4f6
  subpackages:
  - currency
- name: github.com/go-playground/universal-translator
  version: b32fa301c9fe55953584134cb6853a13c87ec0a1
- name: github.com/go-sql-driver/mysql
  version: a0583e0143b1624142adab07e0e97fe106d99561
- name: github.com/gobwas/glob
  version: 51eb1ee00b6d931c66d229ceeb7c31b985563420
  subpackages:
  - compiler
  - match
  - syntax
  - syntax/ast
  - syntax/lexer
  - util/runes
  - util/strings
- name: github.com/godbus/dbus
  version: a389bdde4dd695d414e47b755e95e72b7826432c
- name: github.com/gogo/protobuf
  version: 160de10b2537169b5ae3e7e221d28269ef40d311
  subpackages:
  - gogoproto
  - proto
  - protoc-gen-gogo/descriptor
- name: github.com/golang/protobuf
  version: 925541529c1fa6821df4e44ce2723319eb2be768
  subpackages:
  - proto
  - protoc-gen-go/descriptor
  - ptypes
  - ptypes/any
  - ptypes/duration
  - ptypes/timestamp
- name: github.com/golang/snappy
  version: 553a641470496b2327abcac10b36396bd98e45c9
- name: github.com/google/gops
  version: 57e77c5c37da1f4e1af49f9d1fe760f146c1579e
  subpackages:
  - agent
  - internal
  - signal
- name: github.com/gorilla/context
  version: 08b5f424b9271eedf6f9f0ce86cb9396ed337a42
- name: github.com/gorilla/mux
  version: 7f08801859139f86dfafd1c296e2cba9a80d292e
- name: github.com/gorilla/websocket
  version: 4ac909741dfa57448bfadfdbca0cf7eeaa68f0e2
- name: github.com/grpc-ecosystem/go-grpc-middleware
  version: 967bee733a734780623ac3d7c8e9216e4372ea62
  subpackages:
  - recovery
- name: github.com/hashicorp/hcl
  version: 23c074d0eceb2b8a5bfdbb271ab780cde70f05a8
  subpackages:
  - hcl/ast
  - hcl/parser
  - hcl/scanner
  - hcl/strconv
  - hcl/token
  - json/parser
  - json/scanner
  - json/token
- name: github.com/jinzhu/gorm
  version: 5174cc5c242a728b435ea2be8a2f7f998e15429b
- name: github.com/jinzhu/inflection
  version: 1c35d901db3da928c72a72d8458480cc9ade058f
- name: github.com/json-iterator/go
  version: 6240e1e7983a85228f7fd9c3e1b6932d46ec58e2
- name: github.com/kardianos/osext
  version: ae77be60afb1dcacde03767a8c37337fad28ac14
- name: github.com/kennygrant/sanitize
  version: 2e6820834a1f36c626bf19a253b7d3cc060e9b8b
- name: github.com/labstack/echo
  version: b338075a0fc6e1a0683dbf03d09b4957a289e26f
  subpackages:
  - '...'
- name: github.com/magiconair/properties
  version: 49d762b9817ba1c2e9d0c69183c2b4a8b8f1d934
- name: github.com/minio/minio-go
  version: 06dcf064d9e3b1dfd21b9a01a822da7665a9c971
  subpackages:
  - pkg/credentials
  - pkg/encrypt
  - pkg/policy
  - pkg/s3signer
  - pkg/s3utils
  - pkg/set
- name: github.com/mitchellh/go-homedir
  version: b8bc1bf767474819792c23f32d8286a45736f1c6
- name: github.com/mitchellh/mapstructure
  version: 06020f85339e21b2478f756a78e295255ffa4d6a
- name: github.com/nats-io/go-nats
  version: d66cb54e6b7bdd93f0b28afc8450d84c780dfb68
  subpackages:
  - encoders/builtin
  - util
- name: github.com/nats-io/go-nats-streaming
  version: 6e620057a207bd61e992c1c5b6a2de7b6a4cb010
  subpackages:
  - pb
- name: github.com/nats-io/nuid
  version: 33c603157d6fd1b0ac2599bcc4a286b36479a06d
- name: github.com/nlopes/slack
  version: 8ab4d0b364ef1e9af5d102531da20d5ec902b6c4
- name: github.com/nsqio/go-nsq
  version: eee57a3ac4174c55924125bb15eeeda8cffb6e6f
- name: github.com/op/go-logging
  version: b2cb9fa56473e98db8caba80237377e83fe44db5
- name: github.com/pelletier/go-toml
  version: 0131db6d737cfbbfb678f8b7d92e55e27ce46224
- name: github.com/pkg/errors
  version: e881fd58d78e04cf6d0de1217f8707c8cc2249bc
- name: github.com/PuerkitoBio/goquery
  version: 09540e565986583836b5fc792fe951ec5fd201dd
- name: github.com/robfig/cron
  version: b024fc5ea0e34bc3f83d9941c8d60b0622bfaca4
- name: github.com/spf13/afero
  version: 57afd63c68602b63ed976de00dd066ccb3c319db
  subpackages:
  - mem
- name: github.com/spf13/cast
  version: acbeb36b902d72a7a4c18e8f3241075e7ab763e4
- name: github.com/spf13/jwalterweatherman
  version: 12bd96e66386c1960ab0f74ced1362f66f552f7b
- name: github.com/spf13/pflag
  version: 4c012f6dcd9546820e378d0bdda4d8fc772cdfea
- name: github.com/spf13/viper
  version: 25b30aa063fc18e48662b86996252eabdcf2f0c7
- name: github.com/stretchr/testify
  version: 69483b4bd14f5845b5a1e55bca19e954e827f1d0
  subpackages:
  - assert
- name: github.com/syndtr/goleveldb
  version: 34011bf325bce385408353a30b101fe5e923eb6e
  subpackages:
  - leveldb
  - leveldb/cache
  - leveldb/comparer
  - leveldb/errors
  - leveldb/filter
  - leveldb/iterator
  - leveldb/journal
  - leveldb/memdb
  - leveldb/opt
  - leveldb/storage
  - leveldb/table
  - leveldb/util
- name: github.com/temoto/robotstxt
  version: 9e4646fa705336d5b2fa9dddfafbe0a1a965acd7
- name: github.com/urfave/negroni
  version: 5dbbc83f748fc3ad38585842b0aedab546d0ea1e
- name: go.uber.org/multierr
  version: 3c4937480c32f4c13a875a1829af76c98ca3d40a
- name: golang.org/x/crypto
  version: 0fcca4842a8d74bfddc2c96a073bd2a4d2a7a2e8
  subpackages:
  - bcrypt
  - blowfish
- name: golang.org/x/net
  version: c73622c77280266305273cb545f54516ced95b93
  subpackages:
  - context
  - html
  - html/atom
  - html/charset
  - http2
  - http2/hpack
  - idna
  - internal/timeseries
  - lex/httplex
  - trace
- name: golang.org/x/sys
  version: dd9ec17814d5b1de388ebe438ec013d57d8b3779
  subpackages:
  - unix
- name: golang.org/x/text
  version: 6eab0e8f74e86c598ec3b6fad4888e0c11482d48
  subpackages:
  - encoding
  - encoding/charmap
  - encoding/htmlindex
  - encoding/internal
  - encoding/internal/identifier
  - encoding/japanese
  - encoding/korean
  - encoding/simplifiedchinese
  - encoding/traditionalchinese
  - encoding/unicode
  - internal/tag
  - internal/utf8internal
  - language
  - runes
  - secure/bidirule
  - transform
  - unicode/bidi
  - unicode/norm
- name: google.golang.org/genproto
  version: a8101f21cf983e773d0c1133ebc5424792003214
  subpackages:
  - googleapis/rpc/status
- name: google.golang.org/grpc
  version: e687fa4e6424368ece6e4fe727cea2c806a0fcb4
  subpackages:
  - balancer
  - balancer/roundrobin
  - codes
  - connectivity
  - credentials
  - encoding
  - grpclb/grpc_lb_v1/messages
  - grpclog
  - internal
  - keepalive
  - metadata
  - naming
  - peer
  - reflection
  - reflection/grpc_reflection_v1alpha
  - resolver
  - resolver/dns
  - resolver/passthrough
  - stats
  - status
  - tap
  - transport
- name: gopkg.in/go-playground/validator.v9
  version: 3620d3c0694119b61c72071ff5a05a976e97b05a
- name: gopkg.in/mgo.v2
  version: 3f83fa5005286a7fe593b055f0d7771a7dce4655
  subpackages:
  - bson
  - internal/json
  - internal/sasl
  - internal/scram
- name: gopkg.in/yaml.v2
  version: 287cf08546ab5e7e37d55a84f7ed3fd1db036de5
testImports:
- name: github.com/pmezard/go-difflib
  version: 792786c7400a136282c1664665ae0a8db921c6c2
  subpackages:
  - difflib
- name: github.com/smartystreets/goconvey
  version: 9e8dc3f972df6c8fcc0375ef492c24d0bb204857
  subpackages:
  - convey
